{
    "_meta": {
        "hash": {
            "sha256": "08d8cd2781157cf3ebafbeba84526e1c8ed2450b91b614e70ea3e09e24c9ebaa"
        },
        "pipfile-spec": 6,
        "requires": {
            "python_version": "3.8"
        },
        "sources": [
            {
                "name": "pypi",
                "url": "https://pypi.org/simple",
                "verify_ssl": true
            }
        ]
    },
    "default": {
        "test-hello": {
            "editable": true,
            "file": "/home/stewart/src/pipenv_editable_install_repro/test-hello"
        }
    },
    "develop": {}
}
